// !$*UTF8*$!
{
	archiveVersion = 1;
	classes = {
	};
	objectVersion = 56;
	objects = {

/* Begin PBXBuildFile section */
		9890D913292CDC970098C6F6 /* IOSAppTestApp.swift in Sources */ = {isa = PBXBuildFile; fileRef = 9890D912292CDC970098C6F6 /* IOSAppTestApp.swift */; };
		9890D915292CDC970098C6F6 /* ContentView.swift in Sources */ = {isa = PBXBuildFile; fileRef = 9890D914292CDC970098C6F6 /* ContentView.swift */; };
		9890D917292CDC980098C6F6 /* Assets.xcassets in Resources */ = {isa = PBXBuildFile; fileRef = 9890D916292CDC980098C6F6 /* Assets.xcassets */; };
		9890D91A292CDC980098C6F6 /* Preview Assets.xcassets in Resources */ = {isa = PBXBuildFile; fileRef = 9890D919292CDC980098C6F6 /* Preview Assets.xcassets */; };
		9890D91C292CDC980098C6F6 /* Persistence.swift in Sources */ = {isa = PBXBuildFile; fileRef = 9890D91B292CDC980098C6F6 /* Persistence.swift */; };
		9890D91F292CDC980098C6F6 /* IOSAppTest.xcdatamodeld in Sources */ = {isa = PBXBuildFile; fileRef = 9890D91D292CDC980098C6F6 /* IOSAppTest.xcdatamodeld */; };
		9890D929292CDC980098C6F6 /* IOSAppTestTests.swift in Sources */ = {isa = PBXBuildFile; fileRef = 9890D928292CDC980098C6F6 /* IOSAppTestTests.swift */; };
		9890D933292CDC980098C6F6 /* IOSAppTestUITests.swift in Sources */ = {isa = PBXBuildFile; fileRef = 9890D932292CDC980098C6F6 /* IOSAppTestUITests.swift */; };
		9890D935292CDC980098C6F6 /* IOSAppTestUITestsLaunchTests.swift in Sources */ = {isa = PBXBuildFile; fileRef = 9890D934292CDC980098C6F6 /* IOSAppTestUITestsLaunchTests.swift */; };
/* End PBXBuildFile section */

/* Begin PBXContainerItemProxy section */
		9890D925292CDC980098C6F6 /* PBXContainerItemProxy */ = {
			isa = PBXContainerItemProxy;
			containerPortal = 9890D907292CDC960098C6F6 /* Project object */;
			proxyType = 1;
			remoteGlobalIDString = 9890D90E292CDC960098C6F6;
			remoteInfo = IOSAppTest;
		};
		9890D92F292CDC980098C6F6 /* PBXContainerItemProxy */ = {
			isa = PBXContainerItemProxy;
			containerPortal = 9890D907292CDC960098C6F6 /* Project object */;
			proxyType = 1;
			remoteGlobalIDString = 9890D90E292CDC960098C6F6;
			remoteInfo = IOSAppTest;
		};
/* End PBXContainerItemProxy section */

/* Begin PBXFileReference section */
		9890D90F292CDC970098C6F6 /* IOSAppTest.app */ = {isa = PBXFileReference; explicitFileType = wrapper.application; includeInIndex = 0; path = IOSAppTest.app; sourceTree = BUILT_PRODUCTS_DIR; };
		9890D912292CDC970098C6F6 /* IOSAppTestApp.swift */ = {isa = PBXFileReference; lastKnownFileType = sourcecode.swift; path = IOSAppTestApp.swift; sourceTree = "<group>"; };
		9890D914292CDC970098C6F6 /* ContentView.swift */ = {isa = PBXFileReference; lastKnownFileType = sourcecode.swift; path = ContentView.swift; sourceTree = "<group>"; };
		9890D916292CDC980098C6F6 /* Assets.xcassets */ = {isa = PBXFileReference; lastKnownFileType = folder.assetcatalog; path = Assets.xcassets; sourceTree = "<group>"; };
		9890D919292CDC980098C6F6 /* Preview Assets.xcassets */ = {isa = PBXFileReference; lastKnownFileType = folder.assetcatalog; path = "Preview Assets.xcassets"; sourceTree = "<group>"; };
		9890D91B292CDC980098C6F6 /* Persistence.swift */ = {isa = PBXFileReference; lastKnownFileType = sourcecode.swift; path = Persistence.swift; sourceTree = "<group>"; };
		9890D91E292CDC980098C6F6 /* IOSAppTest.xcdatamodel */ = {isa = PBXFileReference; lastKnownFileType = wrapper.xcdatamodel; path = IOSAppTest.xcdatamodel; sourceTree = "<group>"; };
		9890D924292CDC980098C6F6 /* IOSAppTestTests.xctest */ = {isa = PBXFileReference; explicitFileType = wrapper.cfbundle; includeInIndex = 0; path = IOSAppTestTests.xctest; sourceTree = BUILT_PRODUCTS_DIR; };
		9890D928292CDC980098C6F6 /* IOSAppTestTests.swift */ = {isa = PBXFileReference; lastKnownFileType = sourcecode.swift; path = IOSAppTestTests.swift; sourceTree = "<group>"; };
		9890D92E292CDC980098C6F6 /* IOSAppTestUITests.xctest */ = {isa = PBXFileReference; explicitFileType = wrapper.cfbundle; includeInIndex = 0; path = IOSAppTestUITests.xctest; sourceTree = BUILT_PRODUCTS_DIR; };
		9890D932292CDC980098C6F6 /* IOSAppTestUITests.swift */ = {isa = PBXFileReference; lastKnownFileType = sourcecode.swift; path = IOSAppTestUITests.swift; sourceTree = "<group>"; };
		9890D934292CDC980098C6F6 /* IOSAppTestUITestsLaunchTests.swift */ = {isa = PBXFileReference; lastKnownFileType = sourcecode.swift; path = IOSAppTestUITestsLaunchTests.swift; sourceTree = "<group>"; };
/* End PBXFileReference section */

/* Begin PBXFrameworksBuildPhase section */
		9890D90C292CDC960098C6F6 /* Frameworks */ = {
			isa = PBXFrameworksBuildPhase;
			buildActionMask = 2147483647;
			files = (
			);
			runOnlyForDeploymentPostprocessing = 0;
		};
		9890D921292CDC980098C6F6 /* Frameworks */ = {
			isa = PBXFrameworksBuildPhase;
			buildActionMask = 2147483647;
			files = (
			);
			runOnlyForDeploymentPostprocessing = 0;
		};
		9890D92B292CDC980098C6F6 /* Frameworks */ = {
			isa = PBXFrameworksBuildPhase;
			buildActionMask = 2147483647;
			files = (
			);
			runOnlyForDeploymentPostprocessing = 0;
		};
/* End PBXFrameworksBuildPhase section */

/* Begin PBXGroup section */
		9890D906292CDC960098C6F6 = {
			isa = PBXGroup;
			children = (
				9890D911292CDC970098C6F6 /* IOSAppTest */,
				9890D927292CDC980098C6F6 /* IOSAppTestTests */,
				9890D931292CDC980098C6F6 /* IOSAppTestUITests */,
				9890D910292CDC970098C6F6 /* Products */,
			);
			sourceTree = "<group>";
		};
		9890D910292CDC970098C6F6 /* Products */ = {
			isa = PBXGroup;
			children = (
				9890D90F292CDC970098C6F6 /* IOSAppTest.app */,
				9890D924292CDC980098C6F6 /* IOSAppTestTests.xctest */,
				9890D92E292CDC980098C6F6 /* IOSAppTestUITests.xctest */,
			);
			name = Products;
			sourceTree = "<group>";
		};
		9890D911292CDC970098C6F6 /* IOSAppTest */ = {
			isa = PBXGroup;
			children = (
				9890D912292CDC970098C6F6 /* IOSAppTestApp.swift */,
				9890D914292CDC970098C6F6 /* ContentView.swift */,
				9890D916292CDC980098C6F6 /* Assets.xcassets */,
				9890D91B292CDC980098C6F6 /* Persistence.swift */,
				9890D91D292CDC980098C6F6 /* IOSAppTest.xcdatamodeld */,
				9890D918292CDC980098C6F6 /* Preview Content */,
			);
			path = IOSAppTest;
			sourceTree = "<group>";
		};
		9890D918292CDC980098C6F6 /* Preview Content */ = {
			isa = PBXGroup;
			children = (
				9890D919292CDC980098C6F6 /* Preview Assets.xcassets */,
			);
			path = "Preview Content";
			sourceTree = "<group>";
		};
		9890D927292CDC980098C6F6 /* IOSAppTestTests */ = {
			isa = PBXGroup;
			children = (
				9890D928292CDC980098C6F6 /* IOSAppTestTests.swift */,
			);
			path = IOSAppTestTests;
			sourceTree = "<group>";
		};
		9890D931292CDC980098C6F6 /* IOSAppTestUITests */ = {
			isa = PBXGroup;
			children = (
				9890D932292CDC980098C6F6 /* IOSAppTestUITests.swift */,
				9890D934292CDC980098C6F6 /* IOSAppTestUITestsLaunchTests.swift */,
			);
			path = IOSAppTestUITests;
			sourceTree = "<group>";
		};
/* End PBXGroup section */

/* Begin PBXNativeTarget section */
		9890D90E292CDC960098C6F6 /* IOSAppTest */ = {
			isa = PBXNativeTarget;
			buildConfigurationList = 9890D938292CDC980098C6F6 /* Build configuration list for PBXNativeTarget "IOSAppTest" */;
			buildPhases = (
				9890D90B292CDC960098C6F6 /* Sources */,
				9890D90C292CDC960098C6F6 /* Frameworks */,
				9890D90D292CDC960098C6F6 /* Resources */,
			);
			buildRules = (
			);
			dependencies = (
			);
			name = IOSAppTest;
			productName = IOSAppTest;
			productReference = 9890D90F292CDC970098C6F6 /* IOSAppTest.app */;
			productType = "com.apple.product-type.application";
		};
		9890D923292CDC980098C6F6 /* IOSAppTestTests */ = {
			isa = PBXNativeTarget;
			buildConfigurationList = 9890D93B292CDC980098C6F6 /* Build configuration list for PBXNativeTarget "IOSAppTestTests" */;
			buildPhases = (
				9890D920292CDC980098C6F6 /* Sources */,
				9890D921292CDC980098C6F6 /* Frameworks */,
				9890D922292CDC980098C6F6 /* Resources */,
			);
			buildRules = (
			);
			dependencies = (
				9890D926292CDC980098C6F6 /* PBXTargetDependency */,
			);
			name = IOSAppTestTests;
			productName = IOSAppTestTests;
			productReference = 9890D924292CDC980098C6F6 /* IOSAppTestTests.xctest */;
			productType = "com.apple.product-type.bundle.unit-test";
		};
		9890D92D292CDC980098C6F6 /* IOSAppTestUITests */ = {
			isa = PBXNativeTarget;
			buildConfigurationList = 9890D93E292CDC980098C6F6 /* Build configuration list for PBXNativeTarget "IOSAppTestUITests" */;
			buildPhases = (
				9890D92A292CDC980098C6F6 /* Sources */,
				9890D92B292CDC980098C6F6 /* Frameworks */,
				9890D92C292CDC980098C6F6 /* Resources */,
			);
			buildRules = (
			);
			dependencies = (
				9890D930292CDC980098C6F6 /* PBXTargetDependency */,
			);
			name = IOSAppTestUITests;
			productName = IOSAppTestUITests;
			productReference = 9890D92E292CDC980098C6F6 /* IOSAppTestUITests.xctest */;
			productType = "com.apple.product-type.bundle.ui-testing";
		};
/* End PBXNativeTarget section */

/* Begin PBXProject section */
		9890D907292CDC960098C6F6 /* Project object */ = {
			isa = PBXProject;
			attributes = {
				BuildIndependentTargetsInParallel = 1;
				LastSwiftUpdateCheck = 1410;
				LastUpgradeCheck = 1410;
				TargetAttributes = {
					9890D90E292CDC960098C6F6 = {
						CreatedOnToolsVersion = 14.1;
					};
					9890D923292CDC980098C6F6 = {
						CreatedOnToolsVersion = 14.1;
						TestTargetID = 9890D90E292CDC960098C6F6;
					};
					9890D92D292CDC980098C6F6 = {
						CreatedOnToolsVersion = 14.1;
						TestTargetID = 9890D90E292CDC960098C6F6;
					};
				};
			};
			buildConfigurationList = 9890D90A292CDC960098C6F6 /* Build configuration list for PBXProject "IOSAppTest" */;
			compatibilityVersion = "Xcode 14.0";
			developmentRegion = en;
			hasScannedForEncodings = 0;
			knownRegions = (
				en,
				Base,
			);
			mainGroup = 9890D906292CDC960098C6F6;
			productRefGroup = 9890D910292CDC970098C6F6 /* Products */;
			projectDirPath = "";
			projectRoot = "";
			targets = (
				9890D90E292CDC960098C6F6 /* IOSAppTest */,
				9890D923292CDC980098C6F6 /* IOSAppTestTests */,
				9890D92D292CDC980098C6F6 /* IOSAppTestUITests */,
			);
		};
/* End PBXProject section */

/* Begin PBXResourcesBuildPhase section */
		9890D90D292CDC960098C6F6 /* Resources */ = {
			isa = PBXResourcesBuildPhase;
			buildActionMask = 2147483647;
			files = (
				9890D91A292CDC980098C6F6 /* Preview Assets.xcassets in Resources */,
				9890D917292CDC980098C6F6 /* Assets.xcassets in Resources */,
			);
			runOnlyForDeploymentPostprocessing = 0;
		};
		9890D922292CDC980098C6F6 /* Resources */ = {
			isa = PBXResourcesBuildPhase;
			buildActionMask = 2147483647;
			files = (
			);
			runOnlyForDeploymentPostprocessing = 0;
		};
		9890D92C292CDC980098C6F6 /* Resources */ = {
			isa = PBXResourcesBuildPhase;
			buildActionMask = 2147483647;
			files = (
			);
			runOnlyForDeploymentPostprocessing = 0;
		};
/* End PBXResourcesBuildPhase section */

/* Begin PBXSourcesBuildPhase section */
		9890D90B292CDC960098C6F6 /* Sources */ = {
			isa = PBXSourcesBuildPhase;
			buildActionMask = 2147483647;
			files = (
				9890D91C292CDC980098C6F6 /* Persistence.swift in Sources */,
				9890D915292CDC970098C6F6 /* ContentView.swift in Sources */,
				9890D913292CDC970098C6F6 /* IOSAppTestApp.swift in Sources */,
				9890D91F292CDC980098C6F6 /* IOSAppTest.xcdatamodeld in Sources */,
			);
			runOnlyForDeploymentPostprocessing = 0;
		};
		9890D920292CDC980098C6F6 /* Sources */ = {
			isa = PBXSourcesBuildPhase;
			buildActionMask = 2147483647;
			files = (
				9890D929292CDC980098C6F6 /* IOSAppTestTests.swift in Sources */,
			);
			runOnlyForDeploymentPostprocessing = 0;
		};
		9890D92A292CDC980098C6F6 /* Sources */ = {
			isa = PBXSourcesBuildPhase;
			buildActionMask = 2147483647;
			files = (
				9890D935292CDC980098C6F6 /* IOSAppTestUITestsLaunchTests.swift in Sources */,
				9890D933292CDC980098C6F6 /* IOSAppTestUITests.swift in Sources */,
			);
			runOnlyForDeploymentPostprocessing = 0;
		};
/* End PBXSourcesBuildPhase section */

/* Begin PBXTargetDependency section */
		9890D926292CDC980098C6F6 /* PBXTargetDependency */ = {
			isa = PBXTargetDependency;
			target = 9890D90E292CDC960098C6F6 /* IOSAppTest */;
			targetProxy = 9890D925292CDC980098C6F6 /* PBXContainerItemProxy */;
		};
		9890D930292CDC980098C6F6 /* PBXTargetDependency */ = {
			isa = PBXTargetDependency;
			target = 9890D90E292CDC960098C6F6 /* IOSAppTest */;
			targetProxy = 9890D92F292CDC980098C6F6 /* PBXContainerItemProxy */;
		};
/* End PBXTargetDependency section */

/* Begin XCBuildConfiguration section */
		9890D936292CDC980098C6F6 /* Debug */ = {
			isa = XCBuildConfiguration;
			buildSettings = {
				ALWAYS_SEARCH_USER_PATHS = NO;
				CLANG_ANALYZER_NONNULL = YES;
				CLANG_ANALYZER_NUMBER_OBJECT_CONVERSION = YES_AGGRESSIVE;
				CLANG_CXX_LANGUAGE_STANDARD = "gnu++20";
				CLANG_ENABLE_MODULES = YES;
				CLANG_ENABLE_OBJC_ARC = YES;
				CLANG_ENABLE_OBJC_WEAK = YES;
				CLANG_WARN_BLOCK_CAPTURE_AUTORELEASING = YES;
				CLANG_WARN_BOOL_CONVERSION = YES;
				CLANG_WARN_COMMA = YES;
				CLANG_WARN_CONSTANT_CONVERSION = YES;
				CLANG_WARN_DEPRECATED_OBJC_IMPLEMENTATIONS = YES;
				CLANG_WARN_DIRECT_OBJC_ISA_USAGE = YES_ERROR;
				CLANG_WARN_DOCUMENTATION_COMMENTS = YES;
				CLANG_WARN_EMPTY_BODY = YES;
				CLANG_WARN_ENUM_CONVERSION = YES;
				CLANG_WARN_INFINITE_RECURSION = YES;
				CLANG_WARN_INT_CONVERSION = YES;
				CLANG_WARN_NON_LITERAL_NULL_CONVERSION = YES;
				CLANG_WARN_OBJC_IMPLICIT_RETAIN_SELF = YES;
				CLANG_WARN_OBJC_LITERAL_CONVERSION = YES;
				CLANG_WARN_OBJC_ROOT_CLASS = YES_ERROR;
				CLANG_WARN_QUOTED_INCLUDE_IN_FRAMEWORK_HEADER = YES;
				CLANG_WARN_RANGE_LOOP_ANALYSIS = YES;
				CLANG_WARN_STRICT_PROTOTYPES = YES;
				CLANG_WARN_SUSPICIOUS_MOVE = YES;
				CLANG_WARN_UNGUARDED_AVAILABILITY = YES_AGGRESSIVE;
				CLANG_WARN_UNREACHABLE_CODE = YES;
				CLANG_WARN__DUPLICATE_METHOD_MATCH = YES;
				COPY_PHASE_STRIP = NO;
				DEBUG_INFORMATION_FORMAT = dwarf;
				ENABLE_STRICT_OBJC_MSGSEND = YES;
				ENABLE_TESTABILITY = YES;
				GCC_C_LANGUAGE_STANDARD = gnu11;
				GCC_DYNAMIC_NO_PIC = NO;
				GCC_NO_COMMON_BLOCKS = YES;
				GCC_OPTIMIZATION_LEVEL = 0;
				GCC_PREPROCESSOR_DEFINITIONS = (
					"DEBUG=1",
					"$(inherited)",
				);
				GCC_WARN_64_TO_32_BIT_CONVERSION = YES;
				GCC_WARN_ABOUT_RETURN_TYPE = YES_ERROR;
				GCC_WARN_UNDECLARED_SELECTOR = YES;
				GCC_WARN_UNINITIALIZED_AUTOS = YES_AGGRESSIVE;
				GCC_WARN_UNUSED_FUNCTION = YES;
				GCC_WARN_UNUSED_VARIABLE = YES;
				IPHONEOS_DEPLOYMENT_TARGET = 16.1;
				MTL_ENABLE_DEBUG_INFO = INCLUDE_SOURCE;
				MTL_FAST_MATH = YES;
				ONLY_ACTIVE_ARCH = YES;
				SDKROOT = iphoneos;
				SWIFT_ACTIVE_COMPILATION_CONDITIONS = DEBUG;
				SWIFT_OPTIMIZATION_LEVEL = "-Onone";
			};
			name = Debug;
		};
		9890D937292CDC980098C6F6 /* Release */ = {
			isa = XCBuildConfiguration;
			buildSettings = {
				ALWAYS_SEARCH_USER_PATHS = NO;
				CLANG_ANALYZER_NONNULL = YES;
				CLANG_ANALYZER_NUMBER_OBJECT_CONVERSION = YES_AGGRESSIVE;
				CLANG_CXX_LANGUAGE_STANDARD = "gnu++20";
				CLANG_ENABLE_MODULES = YES;
				CLANG_ENABLE_OBJC_ARC = YES;
				CLANG_ENABLE_OBJC_WEAK = YES;
				CLANG_WARN_BLOCK_CAPTURE_AUTORELEASING = YES;
				CLANG_WARN_BOOL_CONVERSION = YES;
				CLANG_WARN_COMMA = YES;
				CLANG_WARN_CONSTANT_CONVERSION = YES;
				CLANG_WARN_DEPRECATED_OBJC_IMPLEMENTATIONS = YES;
				CLANG_WARN_DIRECT_OBJC_ISA_USAGE = YES_ERROR;
				CLANG_WARN_DOCUMENTATION_COMMENTS = YES;
				CLANG_WARN_EMPTY_BODY = YES;
				CLANG_WARN_ENUM_CONVERSION = YES;
				CLANG_WARN_INFINITE_RECURSION = YES;
				CLANG_WARN_INT_CONVERSION = YES;
				CLANG_WARN_NON_LITERAL_NULL_CONVERSION = YES;
				CLANG_WARN_OBJC_IMPLICIT_RETAIN_SELF = YES;
				CLANG_WARN_OBJC_LITERAL_CONVERSION = YES;
				CLANG_WARN_OBJC_ROOT_CLASS = YES_ERROR;
				CLANG_WARN_QUOTED_INCLUDE_IN_FRAMEWORK_HEADER = YES;
				CLANG_WARN_RANGE_LOOP_ANALYSIS = YES;
				CLANG_WARN_STRICT_PROTOTYPES = YES;
				CLANG_WARN_SUSPICIOUS_MOVE = YES;
				CLANG_WARN_UNGUARDED_AVAILABILITY = YES_AGGRESSIVE;
				CLANG_WARN_UNREACHABLE_CODE = YES;
				CLANG_WARN__DUPLICATE_METHOD_MATCH = YES;
				COPY_PHASE_STRIP = NO;
				DEBUG_INFORMATION_FORMAT = "dwarf-with-dsym";
				ENABLE_NS_ASSERTIONS = NO;
				ENABLE_STRICT_OBJC_MSGSEND = YES;
				GCC_C_LANGUAGE_STANDARD = gnu11;
				GCC_NO_COMMON_BLOCKS = YES;
				GCC_WARN_64_TO_32_BIT_CONVERSION = YES;
				GCC_WARN_ABOUT_RETURN_TYPE = YES_ERROR;
				GCC_WARN_UNDECLARED_SELECTOR = YES;
				GCC_WARN_UNINITIALIZED_AUTOS = YES_AGGRESSIVE;
				GCC_WARN_UNUSED_FUNCTION = YES;
				GCC_WARN_UNUSED_VARIABLE = YES;
				IPHONEOS_DEPLOYMENT_TARGET = 16.1;
				MTL_ENABLE_DEBUG_INFO = NO;
				MTL_FAST_MATH = YES;
				SDKROOT = iphoneos;
				SWIFT_COMPILATION_MODE = wholemodule;
				SWIFT_OPTIMIZATION_LEVEL = "-O";
				VALIDATE_PRODUCT = YES;
			};
			name = Release;
		};
		9890D939292CDC980098C6F6 /* Debug */ = {
			isa = XCBuildConfiguration;
			buildSettings = {
				ASSETCATALOG_COMPILER_APPICON_NAME = AppIcon;
				ASSETCATALOG_COMPILER_GLOBAL_ACCENT_COLOR_NAME = AccentColor;
				CODE_SIGN_STYLE = Automatic;
				CURRENT_PROJECT_VERSION = 1;
				DEVELOPMENT_ASSET_PATHS = "\"IOSAppTest/Preview Content\"";
				ENABLE_PREVIEWS = YES;
				GENERATE_INFOPLIST_FILE = YES;
				INFOPLIST_KEY_UIApplicationSceneManifest_Generation = YES;
				INFOPLIST_KEY_UIApplicationSupportsIndirectInputEvents = YES;
				INFOPLIST_KEY_UILaunchScreen_Generation = YES;
				INFOPLIST_KEY_UISupportedInterfaceOrientations_iPad = "UIInterfaceOrientationPortrait UIInterfaceOrientationPortraitUpsideDown UIInterfaceOrientationLandscapeLeft UIInterfaceOrientationLandscapeRight";
				INFOPLIST_KEY_UISupportedInterfaceOrientations_iPhone = "UIInterfaceOrientationPortrait UIInterfaceOrientationLandscapeLeft UIInterfaceOrientationLandscapeRight";
				LD_RUNPATH_SEARCH_PATHS = (
					"$(inherited)",
					"@executable_path/Frameworks",
				);
				MARKETING_VERSION = 1.0;
				PRODUCT_BUNDLE_IDENTIFIER = Cetim.IOSAppTest;
				PRODUCT_NAME = "$(TARGET_NAME)";
				SWIFT_EMIT_LOC_STRINGS = YES;
				SWIFT_VERSION = 5.0;
				TARGETED_DEVICE_FAMILY = "1,2";
			};
			name = Debug;
		};
		9890D93A292CDC980098C6F6 /* Release */ = {
			isa = XCBuildConfiguration;
			buildSettings = {
				ASSETCATALOG_COMPILER_APPICON_NAME = AppIcon;
				ASSETCATALOG_COMPILER_GLOBAL_ACCENT_COLOR_NAME = AccentColor;
				CODE_SIGN_STYLE = Automatic;
				CURRENT_PROJECT_VERSION = 1;
				DEVELOPMENT_ASSET_PATHS = "\"IOSAppTest/Preview Content\"";
				ENABLE_PREVIEWS = YES;
				GENERATE_INFOPLIST_FILE = YES;
				INFOPLIST_KEY_UIApplicationSceneManifest_Generation = YES;
				INFOPLIST_KEY_UIApplicationSupportsIndirectInputEvents = YES;
				INFOPLIST_KEY_UILaunchScreen_Generation = YES;
				INFOPLIST_KEY_UISupportedInterfaceOrientations_iPad = "UIInterfaceOrientationPortrait UIInterfaceOrientationPortraitUpsideDown UIInterfaceOrientationLandscapeLeft UIInterfaceOrientationLandscapeRight";
				INFOPLIST_KEY_UISupportedInterfaceOrientations_iPhone = "UIInterfaceOrientationPortrait UIInterfaceOrientationLandscapeLeft UIInterfaceOrientationLandscapeRight";
				LD_RUNPATH_SEARCH_PATHS = (
					"$(inherited)",
					"@executable_path/Frameworks",
				);
				MARKETING_VERSION = 1.0;
				PRODUCT_BUNDLE_IDENTIFIER = Cetim.IOSAppTest;
				PRODUCT_NAME = "$(TARGET_NAME)";
				SWIFT_EMIT_LOC_STRINGS = YES;
				SWIFT_VERSION = 5.0;
				TARGETED_DEVICE_FAMILY = "1,2";
			};
			name = Release;
		};
		9890D93C292CDC980098C6F6 /* Debug */ = {
			isa = XCBuildConfiguration;
			buildSettings = {
				ALWAYS_EMBED_SWIFT_STANDARD_LIBRARIES = YES;
				BUNDLE_LOADER = "$(TEST_HOST)";
				CODE_SIGN_STYLE = Automatic;
				CURRENT_PROJECT_VERSION = 1;
				GENERATE_INFOPLIST_FILE = YES;
				IPHONEOS_DEPLOYMENT_TARGET = 16.1;
				MARKETING_VERSION = 1.0;
				PRODUCT_BUNDLE_IDENTIFIER = Cetim.IOSAppTestTests;
				PRODUCT_NAME = "$(TARGET_NAME)";
				SWIFT_EMIT_LOC_STRINGS = NO;
				SWIFT_VERSION = 5.0;
				TARGETED_DEVICE_FAMILY = "1,2";
				TEST_HOST = "$(BUILT_PRODUCTS_DIR)/IOSAppTest.app/$(BUNDLE_EXECUTABLE_FOLDER_PATH)/IOSAppTest";
			};
			name = Debug;
		};
		9890D93D292CDC980098C6F6 /* Release */ = {
			isa = XCBuildConfiguration;
			buildSettings = {
				ALWAYS_EMBED_SWIFT_STANDARD_LIBRARIES = YES;
				BUNDLE_LOADER = "$(TEST_HOST)";
				CODE_SIGN_STYLE = Automatic;
				CURRENT_PROJECT_VERSION = 1;
				GENERATE_INFOPLIST_FILE = YES;
				IPHONEOS_DEPLOYMENT_TARGET = 16.1;
				MARKETING_VERSION = 1.0;
				PRODUCT_BUNDLE_IDENTIFIER = Cetim.IOSAppTestTests;
				PRODUCT_NAME = "$(TARGET_NAME)";
				SWIFT_EMIT_LOC_STRINGS = NO;
				SWIFT_VERSION = 5.0;
				TARGETED_DEVICE_FAMILY = "1,2";
				TEST_HOST = "$(BUILT_PRODUCTS_DIR)/IOSAppTest.app/$(BUNDLE_EXECUTABLE_FOLDER_PATH)/IOSAppTest";
			};
			name = Release;
		};
		9890D93F292CDC980098C6F6 /* Debug */ = {
			isa = XCBuildConfiguration;
			buildSettings = {
				ALWAYS_EMBED_SWIFT_STANDARD_LIBRARIES = YES;
				CODE_SIGN_STYLE = Automatic;
				CURRENT_PROJECT_VERSION = 1;
				GENERATE_INFOPLIST_FILE = YES;
				MARKETING_VERSION = 1.0;
				PRODUCT_BUNDLE_IDENTIFIER = Cetim.IOSAppTestUITests;
				PRODUCT_NAME = "$(TARGET_NAME)";
				SWIFT_EMIT_LOC_STRINGS = NO;
				SWIFT_VERSION = 5.0;
				TARGETED_DEVICE_FAMILY = "1,2";
				TEST_TARGET_NAME = IOSAppTest;
			};
			name = Debug;
		};
		9890D940292CDC980098C6F6 /* Release */ = {
			isa = XCBuildConfiguration;
			buildSettings = {
				ALWAYS_EMBED_SWIFT_STANDARD_LIBRARIES = YES;
				CODE_SIGN_STYLE = Automatic;
				CURRENT_PROJECT_VERSION = 1;
				GENERATE_INFOPLIST_FILE = YES;
				MARKETING_VERSION = 1.0;
				PRODUCT_BUNDLE_IDENTIFIER = Cetim.IOSAppTestUITests;
				PRODUCT_NAME = "$(TARGET_NAME)";
				SWIFT_EMIT_LOC_STRINGS = NO;
				SWIFT_VERSION = 5.0;
				TARGETED_DEVICE_FAMILY = "1,2";
				TEST_TARGET_NAME = IOSAppTest;
			};
			name = Release;
		};
/* End XCBuildConfiguration section */

/* Begin XCConfigurationList section */
		9890D90A292CDC960098C6F6 /* Build configuration list for PBXProject "IOSAppTest" */ = {
			isa = XCConfigurationList;
			buildConfigurations = (
				9890D936292CDC980098C6F6 /* Debug */,
				9890D937292CDC980098C6F6 /* Release */,
			);
			defaultConfigurationIsVisible = 0;
			defaultConfigurationName = Release;
		};
		9890D938292CDC980098C6F6 /* Build configuration list for PBXNativeTarget "IOSAppTest" */ = {
			isa = XCConfigurationList;
			buildConfigurations = (
				9890D939292CDC980098C6F6 /* Debug */,
				9890D93A292CDC980098C6F6 /* Release */,
			);
			defaultConfigurationIsVisible = 0;
			defaultConfigurationName = Release;
		};
		9890D93B292CDC980098C6F6 /* Build configuration list for PBXNativeTarget "IOSAppTestTests" */ = {
			isa = XCConfigurationList;
			buildConfigurations = (
				9890D93C292CDC980098C6F6 /* Debug */,
				9890D93D292CDC980098C6F6 /* Release */,
			);
			defaultConfigurationIsVisible = 0;
			defaultConfigurationName = Release;
		};
		9890D93E292CDC980098C6F6 /* Build configuration list for PBXNativeTarget "IOSAppTestUITests" */ = {
			isa = XCConfigurationList;
			buildConfigurations = (
				9890D93F292CDC980098C6F6 /* Debug */,
				9890D940292CDC980098C6F6 /* Release */,
			);
			defaultConfigurationIsVisible = 0;
			defaultConfigurationName = Release;
		};
/* End XCConfigurationList section */

/* Begin XCVersionGroup section */
		9890D91D292CDC980098C6F6 /* IOSAppTest.xcdatamodeld */ = {
			isa = XCVersionGroup;
			children = (
				9890D91E292CDC980098C6F6 /* IOSAppTest.xcdatamodel */,
			);
			currentVersion = 9890D91E292CDC980098C6F6 /* IOSAppTest.xcdatamodel */;
			path = IOSAppTest.xcdatamodeld;
			sourceTree = "<group>";
			versionGroupType = wrapper.xcdatamodel;
		};
/* End XCVersionGroup section */
	};
	rootObject = 9890D907292CDC960098C6F6 /* Project object */;
}
